
Microsoft Visual Studio Solution File, Format Version 11.00
# Visual Studio 2010
Project("{FAE04EC0-301F-11D3-BF4B-00C04F79EFBC}") = "Kivanc_Temrin_9", "Kivanc_Temrin_9\Kivanc_Temrin_9.csproj", "{257991A9-EB6D-4127-A9B0-BA31FBE2CEB1}"
EndProject
Global
	GlobalSection(SolutionConfigurationPlatforms) = preSolution
		Debug|x86 = Debug|x86
		Release|x86 = Release|x86
	EndGlobalSection
	GlobalSection(ProjectConfigurationPlatforms) = postSolution
		{257991A9-EB6D-4127-A9B0-BA31FBE2CEB1}.Debug|x86.ActiveCfg = Debug|x86
		{257991A9-EB6D-4127-A9B0-BA31FBE2CEB1}.Debug|x86.Build.0 = Debug|x86
		{257991A9-EB6D-4127-A9B0-BA31FBE2CEB1}.Release|x86.ActiveCfg = Release|x86
		{257991A9-EB6D-4127-A9B0-BA31FBE2CEB1}.Release|x86.Build.0 = Release|x86
	EndGlobalSection
	GlobalSection(SolutionProperties) = preSolution
		HideSolutionNode = FALSE
	EndGlobalSection
EndGlobal
