
Microsoft Visual Studio Solution File, Format Version 12.00
# Visual Studio 2013
VisualStudioVersion = 12.0.31101.0
MinimumVisualStudioVersion = 10.0.40219.1
Project("{FAE04EC0-301F-11D3-BF4B-00C04F79EFBC}") = "Okul Zili", "Okul Zili\Okul Zili.csproj", "{918C0361-CC47-41EE-92FA-58DE26AE2772}"
EndProject
Global
	GlobalSection(SolutionConfigurationPlatforms) = preSolution
		Debug|Any CPU = Debug|Any CPU
		Release|Any CPU = Release|Any CPU
	EndGlobalSection
	GlobalSection(ProjectConfigurationPlatforms) = postSolution
		{918C0361-CC47-41EE-92FA-58DE26AE2772}.Debug|Any CPU.ActiveCfg = Debug|Any CPU
		{918C0361-CC47-41EE-92FA-58DE26AE2772}.Debug|Any CPU.Build.0 = Debug|Any CPU
		{918C0361-CC47-41EE-92FA-58DE26AE2772}.Release|Any CPU.ActiveCfg = Release|Any CPU
		{918C0361-CC47-41EE-92FA-58DE26AE2772}.Release|Any CPU.Build.0 = Release|Any CPU
	EndGlobalSection
	GlobalSection(SolutionProperties) = preSolution
		HideSolutionNode = FALSE
	EndGlobalSection
EndGlobal
