
Microsoft Visual Studio Solution File, Format Version 11.00
# Visual Studio 2010
Project("{FAE04EC0-301F-11D3-BF4B-00C04F79EFBC}") = "Stoktakipproje", "Stoktakipproje\Stoktakipproje.csproj", "{C1332078-642B-4A8C-B615-71C627AE2ACB}"
EndProject
Global
	GlobalSection(SolutionConfigurationPlatforms) = preSolution
		Debug|Any CPU = Debug|Any CPU
		Release|Any CPU = Release|Any CPU
	EndGlobalSection
	GlobalSection(ProjectConfigurationPlatforms) = postSolution
		{C1332078-642B-4A8C-B615-71C627AE2ACB}.Debug|Any CPU.ActiveCfg = Debug|Any CPU
		{C1332078-642B-4A8C-B615-71C627AE2ACB}.Debug|Any CPU.Build.0 = Debug|Any CPU
		{C1332078-642B-4A8C-B615-71C627AE2ACB}.Release|Any CPU.ActiveCfg = Release|Any CPU
		{C1332078-642B-4A8C-B615-71C627AE2ACB}.Release|Any CPU.Build.0 = Release|Any CPU
	EndGlobalSection
	GlobalSection(SolutionProperties) = preSolution
		HideSolutionNode = FALSE
	EndGlobalSection
EndGlobal
